// !$*UTF8*$!
{
	archiveVersion = 1;
	classes = {
	};
	objectVersion = 46;
	objects = {

/* Begin PBXBuildFile section */
		C3083A971F4F18F300FCD033 /* CYList.swift in Sources */ = {isa = PBXBuildFile; fileRef = C3083A961F4F18F300FCD033 /* CYList.swift */; };
		C325782B22265D7C009E71E4 /* NO.5longestPalindrome.swift in Sources */ = {isa = PBXBuildFile; fileRef = C325782A22265D7C009E71E4 /* NO.5longestPalindrome.swift */; };
		C325782D222CD12E009E71E4 /* NO.89grayCode.swift in Sources */ = {isa = PBXBuildFile; fileRef = C325782C222CD12E009E71E4 /* NO.89grayCode.swift */; };
		C325782F222D0991009E71E4 /* NO.11maxArea.swift in Sources */ = {isa = PBXBuildFile; fileRef = C325782E222D0991009E71E4 /* NO.11maxArea.swift */; };
		C3257831222D09E8009E71E4 /* NO.42trap.swift in Sources */ = {isa = PBXBuildFile; fileRef = C3257830222D09E8009E71E4 /* NO.42trap.swift */; };
		C3295B5222251CC5009A6325 /* NO.322coinChange.swift in Sources */ = {isa = PBXBuildFile; fileRef = C3295B5122251CC5009A6325 /* NO.322coinChange.swift */; };
		C32BB41122B54EB700C78B52 /* BasicDC.swift in Sources */ = {isa = PBXBuildFile; fileRef = C32BB41022B54EB700C78B52 /* BasicDC.swift */; };
		C32BB41522B6187900C78B52 /* TestTree.swift in Sources */ = {isa = PBXBuildFile; fileRef = C32BB41422B6187900C78B52 /* TestTree.swift */; };
		C32BB41722B69CFC00C78B52 /* NO.1044longestDupSubstring.swift in Sources */ = {isa = PBXBuildFile; fileRef = C32BB41622B69CFC00C78B52 /* NO.1044longestDupSubstring.swift */; };
		C33FE1581F793C90000ABDE4 /* CYTree.swift in Sources */ = {isa = PBXBuildFile; fileRef = C33FE1571F793C90000ABDE4 /* CYTree.swift */; };
		C342F70421917D5100F38897 /* CYSorting.swift in Sources */ = {isa = PBXBuildFile; fileRef = C342F70321917D5100F38897 /* CYSorting.swift */; };
		C34BB67921B773ED00DBD694 /* FiveMinutesLearningAlgorithms.swift in Sources */ = {isa = PBXBuildFile; fileRef = C34BB67821B773ED00DBD694 /* FiveMinutesLearningAlgorithms.swift */; };
		C34BB67B21B8E2F500DBD694 /* MyUtils.swift in Sources */ = {isa = PBXBuildFile; fileRef = C34BB67A21B8E2F500DBD694 /* MyUtils.swift */; };
		C3713EDB1F8E422300CF6343 /* TwoThreeTree.swift in Sources */ = {isa = PBXBuildFile; fileRef = C3713EDA1F8E422300CF6343 /* TwoThreeTree.swift */; };
		C3D46A5B1F8A2001003A56A9 /* RedBlackTree.swift in Sources */ = {isa = PBXBuildFile; fileRef = C3D46A5A1F8A2001003A56A9 /* RedBlackTree.swift */; };
		C3F7F7D61F4EE24B00C12C03 /* AppDelegate.swift in Sources */ = {isa = PBXBuildFile; fileRef = C3F7F7D51F4EE24B00C12C03 /* AppDelegate.swift */; };
		C3F7F7D81F4EE24B00C12C03 /* ViewController.swift in Sources */ = {isa = PBXBuildFile; fileRef = C3F7F7D71F4EE24B00C12C03 /* ViewController.swift */; };
		C3F7F7DA1F4EE24B00C12C03 /* Assets.xcassets in Resources */ = {isa = PBXBuildFile; fileRef = C3F7F7D91F4EE24B00C12C03 /* Assets.xcassets */; };
		C3F7F7DD1F4EE24B00C12C03 /* Main.storyboard in Resources */ = {isa = PBXBuildFile; fileRef = C3F7F7DB1F4EE24B00C12C03 /* Main.storyboard */; };
		C3F7F7E81F4EE24B00C12C03 /* TestAPPTests.swift in Sources */ = {isa = PBXBuildFile; fileRef = C3F7F7E71F4EE24B00C12C03 /* TestAPPTests.swift */; };
		C3F7F7F31F4EE24B00C12C03 /* TestAPPUITests.swift in Sources */ = {isa = PBXBuildFile; fileRef = C3F7F7F21F4EE24B00C12C03 /* TestAPPUITests.swift */; };
		C3F7F8011F4EE3E500C12C03 /* CYQueue.swift in Sources */ = {isa = PBXBuildFile; fileRef = C3F7F8001F4EE3E500C12C03 /* CYQueue.swift */; };
		C3F7F8031F4EE3EE00C12C03 /* CYStack.swift in Sources */ = {isa = PBXBuildFile; fileRef = C3F7F8021F4EE3EE00C12C03 /* CYStack.swift */; };
/* End PBXBuildFile section */

/* Begin PBXContainerItemProxy section */
		C3F7F7E41F4EE24B00C12C03 /* PBXContainerItemProxy */ = {
			isa = PBXContainerItemProxy;
			containerPortal = C3F7F7CA1F4EE24B00C12C03 /* Project object */;
			proxyType = 1;
			remoteGlobalIDString = C3F7F7D11F4EE24B00C12C03;
			remoteInfo = TestAPP;
		};
		C3F7F7EF1F4EE24B00C12C03 /* PBXContainerItemProxy */ = {
			isa = PBXContainerItemProxy;
			containerPortal = C3F7F7CA1F4EE24B00C12C03 /* Project object */;
			proxyType = 1;
			remoteGlobalIDString = C3F7F7D11F4EE24B00C12C03;
			remoteInfo = TestAPP;
		};
/* End PBXContainerItemProxy section */

/* Begin PBXFileReference section */
		C3083A961F4F18F300FCD033 /* CYList.swift */ = {isa = PBXFileReference; fileEncoding = 4; lastKnownFileType = sourcecode.swift; path = CYList.swift; sourceTree = "<group>"; };
		C325782A22265D7C009E71E4 /* NO.5longestPalindrome.swift */ = {isa = PBXFileReference; lastKnownFileType = sourcecode.swift; path = NO.5longestPalindrome.swift; sourceTree = "<group>"; };
		C325782C222CD12E009E71E4 /* NO.89grayCode.swift */ = {isa = PBXFileReference; lastKnownFileType = sourcecode.swift; path = NO.89grayCode.swift; sourceTree = "<group>"; };
		C325782E222D0991009E71E4 /* NO.11maxArea.swift */ = {isa = PBXFileReference; lastKnownFileType = sourcecode.swift; path = NO.11maxArea.swift; sourceTree = "<group>"; };
		C3257830222D09E8009E71E4 /* NO.42trap.swift */ = {isa = PBXFileReference; lastKnownFileType = sourcecode.swift; path = NO.42trap.swift; sourceTree = "<group>"; };
		C3295B5122251CC5009A6325 /* NO.322coinChange.swift */ = {isa = PBXFileReference; lastKnownFileType = sourcecode.swift; path = NO.322coinChange.swift; sourceTree = "<group>"; };
		C32BB41022B54EB700C78B52 /* BasicDC.swift */ = {isa = PBXFileReference; lastKnownFileType = sourcecode.swift; path = BasicDC.swift; sourceTree = "<group>"; };
		C32BB41422B6187900C78B52 /* TestTree.swift */ = {isa = PBXFileReference; lastKnownFileType = sourcecode.swift; path = TestTree.swift; sourceTree = "<group>"; };
		C32BB41622B69CFC00C78B52 /* NO.1044longestDupSubstring.swift */ = {isa = PBXFileReference; lastKnownFileType = sourcecode.swift; path = NO.1044longestDupSubstring.swift; sourceTree = "<group>"; };
		C33FE1571F793C90000ABDE4 /* CYTree.swift */ = {isa = PBXFileReference; fileEncoding = 4; lastKnownFileType = sourcecode.swift; path = CYTree.swift; sourceTree = "<group>"; };
		C342F70321917D5100F38897 /* CYSorting.swift */ = {isa = PBXFileReference; lastKnownFileType = sourcecode.swift; path = CYSorting.swift; sourceTree = "<group>"; };
		C34BB67821B773ED00DBD694 /* FiveMinutesLearningAlgorithms.swift */ = {isa = PBXFileReference; lastKnownFileType = sourcecode.swift; path = FiveMinutesLearningAlgorithms.swift; sourceTree = "<group>"; };
		C34BB67A21B8E2F500DBD694 /* MyUtils.swift */ = {isa = PBXFileReference; lastKnownFileType = sourcecode.swift; path = MyUtils.swift; sourceTree = "<group>"; };
		C3713EDA1F8E422300CF6343 /* TwoThreeTree.swift */ = {isa = PBXFileReference; fileEncoding = 4; lastKnownFileType = sourcecode.swift; path = TwoThreeTree.swift; sourceTree = "<group>"; };
		C3D46A5A1F8A2001003A56A9 /* RedBlackTree.swift */ = {isa = PBXFileReference; fileEncoding = 4; lastKnownFileType = sourcecode.swift; path = RedBlackTree.swift; sourceTree = "<group>"; };
		C3F7F7D21F4EE24B00C12C03 /* TestAPP.app */ = {isa = PBXFileReference; explicitFileType = wrapper.application; includeInIndex = 0; path = TestAPP.app; sourceTree = BUILT_PRODUCTS_DIR; };
		C3F7F7D51F4EE24B00C12C03 /* AppDelegate.swift */ = {isa = PBXFileReference; lastKnownFileType = sourcecode.swift; path = AppDelegate.swift; sourceTree = "<group>"; };
		C3F7F7D71F4EE24B00C12C03 /* ViewController.swift */ = {isa = PBXFileReference; lastKnownFileType = sourcecode.swift; path = ViewController.swift; sourceTree = "<group>"; };
		C3F7F7D91F4EE24B00C12C03 /* Assets.xcassets */ = {isa = PBXFileReference; lastKnownFileType = folder.assetcatalog; path = Assets.xcassets; sourceTree = "<group>"; };
		C3F7F7DC1F4EE24B00C12C03 /* Base */ = {isa = PBXFileReference; lastKnownFileType = file.storyboard; name = Base; path = Base.lproj/Main.storyboard; sourceTree = "<group>"; };
		C3F7F7DE1F4EE24B00C12C03 /* Info.plist */ = {isa = PBXFileReference; lastKnownFileType = text.plist.xml; path = Info.plist; sourceTree = "<group>"; };
		C3F7F7E31F4EE24B00C12C03 /* TestAPPTests.xctest */ = {isa = PBXFileReference; explicitFileType = wrapper.cfbundle; includeInIndex = 0; path = TestAPPTests.xctest; sourceTree = BUILT_PRODUCTS_DIR; };
		C3F7F7E71F4EE24B00C12C03 /* TestAPPTests.swift */ = {isa = PBXFileReference; lastKnownFileType = sourcecode.swift; path = TestAPPTests.swift; sourceTree = "<group>"; };
		C3F7F7E91F4EE24B00C12C03 /* Info.plist */ = {isa = PBXFileReference; lastKnownFileType = text.plist.xml; path = Info.plist; sourceTree = "<group>"; };
		C3F7F7EE1F4EE24B00C12C03 /* TestAPPUITests.xctest */ = {isa = PBXFileReference; explicitFileType = wrapper.cfbundle; includeInIndex = 0; path = TestAPPUITests.xctest; sourceTree = BUILT_PRODUCTS_DIR; };
		C3F7F7F21F4EE24B00C12C03 /* TestAPPUITests.swift */ = {isa = PBXFileReference; lastKnownFileType = sourcecode.swift; path = TestAPPUITests.swift; sourceTree = "<group>"; };
		C3F7F7F41F4EE24B00C12C03 /* Info.plist */ = {isa = PBXFileReference; lastKnownFileType = text.plist.xml; path = Info.plist; sourceTree = "<group>"; };
		C3F7F8001F4EE3E500C12C03 /* CYQueue.swift */ = {isa = PBXFileReference; fileEncoding = 4; lastKnownFileType = sourcecode.swift; path = CYQueue.swift; sourceTree = "<group>"; };
		C3F7F8021F4EE3EE00C12C03 /* CYStack.swift */ = {isa = PBXFileReference; fileEncoding = 4; lastKnownFileType = sourcecode.swift; path = CYStack.swift; sourceTree = "<group>"; };
/* End PBXFileReference section */

/* Begin PBXFrameworksBuildPhase section */
		C3F7F7CF1F4EE24B00C12C03 /* Frameworks */ = {
			isa = PBXFrameworksBuildPhase;
			buildActionMask = 2147483647;
			files = (
			);
			runOnlyForDeploymentPostprocessing = 0;
		};
		C3F7F7E01F4EE24B00C12C03 /* Frameworks */ = {
			isa = PBXFrameworksBuildPhase;
			buildActionMask = 2147483647;
			files = (
			);
			runOnlyForDeploymentPostprocessing = 0;
		};
		C3F7F7EB1F4EE24B00C12C03 /* Frameworks */ = {
			isa = PBXFrameworksBuildPhase;
			buildActionMask = 2147483647;
			files = (
			);
			runOnlyForDeploymentPostprocessing = 0;
		};
/* End PBXFrameworksBuildPhase section */

/* Begin PBXGroup section */
		C3F7F7C91F4EE24B00C12C03 = {
			isa = PBXGroup;
			children = (
				C3F7F7D41F4EE24B00C12C03 /* TestAPP */,
				C3F7F7E61F4EE24B00C12C03 /* TestAPPTests */,
				C3F7F7F11F4EE24B00C12C03 /* TestAPPUITests */,
				C3F7F7D31F4EE24B00C12C03 /* Products */,
			);
			sourceTree = "<group>";
		};
		C3F7F7D31F4EE24B00C12C03 /* Products */ = {
			isa = PBXGroup;
			children = (
				C3F7F7D21F4EE24B00C12C03 /* TestAPP.app */,
				C3F7F7E31F4EE24B00C12C03 /* TestAPPTests.xctest */,
				C3F7F7EE1F4EE24B00C12C03 /* TestAPPUITests.xctest */,
			);
			name = Products;
			sourceTree = "<group>";
		};
		C3F7F7D41F4EE24B00C12C03 /* TestAPP */ = {
			isa = PBXGroup;
			children = (
				C3F7F8001F4EE3E500C12C03 /* CYQueue.swift */,
				C3F7F8021F4EE3EE00C12C03 /* CYStack.swift */,
				C3083A961F4F18F300FCD033 /* CYList.swift */,
				C33FE1571F793C90000ABDE4 /* CYTree.swift */,
				C342F70321917D5100F38897 /* CYSorting.swift */,
				C3D46A5A1F8A2001003A56A9 /* RedBlackTree.swift */,
				C3713EDA1F8E422300CF6343 /* TwoThreeTree.swift */,
				C3F7F7D51F4EE24B00C12C03 /* AppDelegate.swift */,
				C3F7F7D71F4EE24B00C12C03 /* ViewController.swift */,
				C34BB67821B773ED00DBD694 /* FiveMinutesLearningAlgorithms.swift */,
				C325782A22265D7C009E71E4 /* NO.5longestPalindrome.swift */,
				C34BB67A21B8E2F500DBD694 /* MyUtils.swift */,
				C3295B5122251CC5009A6325 /* NO.322coinChange.swift */,
				C325782C222CD12E009E71E4 /* NO.89grayCode.swift */,
				C325782E222D0991009E71E4 /* NO.11maxArea.swift */,
				C3257830222D09E8009E71E4 /* NO.42trap.swift */,
				C32BB41622B69CFC00C78B52 /* NO.1044longestDupSubstring.swift */,
				C3F7F7DE1F4EE24B00C12C03 /* Info.plist */,
				C32BB41022B54EB700C78B52 /* BasicDC.swift */,
				C3F7F7D91F4EE24B00C12C03 /* Assets.xcassets */,
				C3F7F7DB1F4EE24B00C12C03 /* Main.storyboard */,
			);
			path = TestAPP;
			sourceTree = "<group>";
		};
		C3F7F7E61F4EE24B00C12C03 /* TestAPPTests */ = {
			isa = PBXGroup;
			children = (
				C3F7F7E71F4EE24B00C12C03 /* TestAPPTests.swift */,
				C3F7F7E91F4EE24B00C12C03 /* Info.plist */,
				C32BB41422B6187900C78B52 /* TestTree.swift */,
			);
			path = TestAPPTests;
			sourceTree = "<group>";
		};
		C3F7F7F11F4EE24B00C12C03 /* TestAPPUITests */ = {
			isa = PBXGroup;
			children = (
				C3F7F7F21F4EE24B00C12C03 /* TestAPPUITests.swift */,
				C3F7F7F41F4EE24B00C12C03 /* Info.plist */,
			);
			path = TestAPPUITests;
			sourceTree = "<group>";
		};
/* End PBXGroup section */

/* Begin PBXNativeTarget section */
		C3F7F7D11F4EE24B00C12C03 /* TestAPP */ = {
			isa = PBXNativeTarget;
			buildConfigurationList = C3F7F7F71F4EE24B00C12C03 /* Build configuration list for PBXNativeTarget "TestAPP" */;
			buildPhases = (
				C3F7F7CE1F4EE24B00C12C03 /* Sources */,
				C3F7F7CF1F4EE24B00C12C03 /* Frameworks */,
				C3F7F7D01F4EE24B00C12C03 /* Resources */,
			);
			buildRules = (
			);
			dependencies = (
			);
			name = TestAPP;
			productName = TestAPP;
			productReference = C3F7F7D21F4EE24B00C12C03 /* TestAPP.app */;
			productType = "com.apple.product-type.application";
		};
		C3F7F7E21F4EE24B00C12C03 /* TestAPPTests */ = {
			isa = PBXNativeTarget;
			buildConfigurationList = C3F7F7FA1F4EE24B00C12C03 /* Build configuration list for PBXNativeTarget "TestAPPTests" */;
			buildPhases = (
				C3F7F7DF1F4EE24B00C12C03 /* Sources */,
				C3F7F7E01F4EE24B00C12C03 /* Frameworks */,
				C3F7F7E11F4EE24B00C12C03 /* Resources */,
			);
			buildRules = (
			);
			dependencies = (
				C3F7F7E51F4EE24B00C12C03 /* PBXTargetDependency */,
			);
			name = TestAPPTests;
			productName = TestAPPTests;
			productReference = C3F7F7E31F4EE24B00C12C03 /* TestAPPTests.xctest */;
			productType = "com.apple.product-type.bundle.unit-test";
		};
		C3F7F7ED1F4EE24B00C12C03 /* TestAPPUITests */ = {
			isa = PBXNativeTarget;
			buildConfigurationList = C3F7F7FD1F4EE24B00C12C03 /* Build configuration list for PBXNativeTarget "TestAPPUITests" */;
			buildPhases = (
				C3F7F7EA1F4EE24B00C12C03 /* Sources */,
				C3F7F7EB1F4EE24B00C12C03 /* Frameworks */,
				C3F7F7EC1F4EE24B00C12C03 /* Resources */,
			);
			buildRules = (
			);
			dependencies = (
				C3F7F7F01F4EE24B00C12C03 /* PBXTargetDependency */,
			);
			name = TestAPPUITests;
			productName = TestAPPUITests;
			productReference = C3F7F7EE1F4EE24B00C12C03 /* TestAPPUITests.xctest */;
			productType = "com.apple.product-type.bundle.ui-testing";
		};
/* End PBXNativeTarget section */

/* Begin PBXProject section */
		C3F7F7CA1F4EE24B00C12C03 /* Project object */ = {
			isa = PBXProject;
			attributes = {
				LastSwiftUpdateCheck = 0830;
				LastUpgradeCheck = 0830;
				ORGANIZATIONNAME = "Cy Lou";
				TargetAttributes = {
					C3F7F7D11F4EE24B00C12C03 = {
						CreatedOnToolsVersion = 8.3.3;
						DevelopmentTeam = P3922CJGWW;
						ProvisioningStyle = Automatic;
					};
					C3F7F7E21F4EE24B00C12C03 = {
						CreatedOnToolsVersion = 8.3.3;
						DevelopmentTeam = P3922CJGWW;
						LastSwiftMigration = 0940;
						ProvisioningStyle = Automatic;
						TestTargetID = C3F7F7D11F4EE24B00C12C03;
					};
					C3F7F7ED1F4EE24B00C12C03 = {
						CreatedOnToolsVersion = 8.3.3;
						DevelopmentTeam = P3922CJGWW;
						ProvisioningStyle = Automatic;
						TestTargetID = C3F7F7D11F4EE24B00C12C03;
					};
				};
			};
			buildConfigurationList = C3F7F7CD1F4EE24B00C12C03 /* Build configuration list for PBXProject "TestAPP" */;
			compatibilityVersion = "Xcode 3.2";
			developmentRegion = English;
			hasScannedForEncodings = 0;
			knownRegions = (
				en,
				Base,
			);
			mainGroup = C3F7F7C91F4EE24B00C12C03;
			productRefGroup = C3F7F7D31F4EE24B00C12C03 /* Products */;
			projectDirPath = "";
			projectRoot = "";
			targets = (
				C3F7F7D11F4EE24B00C12C03 /* TestAPP */,
				C3F7F7E21F4EE24B00C12C03 /* TestAPPTests */,
				C3F7F7ED1F4EE24B00C12C03 /* TestAPPUITests */,
			);
		};
/* End PBXProject section */

/* Begin PBXResourcesBuildPhase section */
		C3F7F7D01F4EE24B00C12C03 /* Resources */ = {
			isa = PBXResourcesBuildPhase;
			buildActionMask = 2147483647;
			files = (
				C3F7F7DA1F4EE24B00C12C03 /* Assets.xcassets in Resources */,
				C3F7F7DD1F4EE24B00C12C03 /* Main.storyboard in Resources */,
			);
			runOnlyForDeploymentPostprocessing = 0;
		};
		C3F7F7E11F4EE24B00C12C03 /* Resources */ = {
			isa = PBXResourcesBuildPhase;
			buildActionMask = 2147483647;
			files = (
			);
			runOnlyForDeploymentPostprocessing = 0;
		};
		C3F7F7EC1F4EE24B00C12C03 /* Resources */ = {
			isa = PBXResourcesBuildPhase;
			buildActionMask = 2147483647;
			files = (
			);
			runOnlyForDeploymentPostprocessing = 0;
		};
/* End PBXResourcesBuildPhase section */

/* Begin PBXSourcesBuildPhase section */
		C3F7F7CE1F4EE24B00C12C03 /* Sources */ = {
			isa = PBXSourcesBuildPhase;
			buildActionMask = 2147483647;
			files = (
				C32BB41722B69CFC00C78B52 /* NO.1044longestDupSubstring.swift in Sources */,
				C342F70421917D5100F38897 /* CYSorting.swift in Sources */,
				C34BB67B21B8E2F500DBD694 /* MyUtils.swift in Sources */,
				C3257831222D09E8009E71E4 /* NO.42trap.swift in Sources */,
				C34BB67921B773ED00DBD694 /* FiveMinutesLearningAlgorithms.swift in Sources */,
				C32BB41122B54EB700C78B52 /* BasicDC.swift in Sources */,
				C3F7F8011F4EE3E500C12C03 /* CYQueue.swift in Sources */,
				C3D46A5B1F8A2001003A56A9 /* RedBlackTree.swift in Sources */,
				C3F7F7D81F4EE24B00C12C03 /* ViewController.swift in Sources */,
				C3295B5222251CC5009A6325 /* NO.322coinChange.swift in Sources */,
				C3F7F8031F4EE3EE00C12C03 /* CYStack.swift in Sources */,
				C3F7F7D61F4EE24B00C12C03 /* AppDelegate.swift in Sources */,
				C3083A971F4F18F300FCD033 /* CYList.swift in Sources */,
				C325782F222D0991009E71E4 /* NO.11maxArea.swift in Sources */,
				C33FE1581F793C90000ABDE4 /* CYTree.swift in Sources */,
				C3713EDB1F8E422300CF6343 /* TwoThreeTree.swift in Sources */,
				C325782D222CD12E009E71E4 /* NO.89grayCode.swift in Sources */,
				C325782B22265D7C009E71E4 /* NO.5longestPalindrome.swift in Sources */,
			);
			runOnlyForDeploymentPostprocessing = 0;
		};
		C3F7F7DF1F4EE24B00C12C03 /* Sources */ = {
			isa = PBXSourcesBuildPhase;
			buildActionMask = 2147483647;
			files = (
				C3F7F7E81F4EE24B00C12C03 /* TestAPPTests.swift in Sources */,
				C32BB41522B6187900C78B52 /* TestTree.swift in Sources */,
			);
			runOnlyForDeploymentPostprocessing = 0;
		};
		C3F7F7EA1F4EE24B00C12C03 /* Sources */ = {
			isa = PBXSourcesBuildPhase;
			buildActionMask = 2147483647;
			files = (
				C3F7F7F31F4EE24B00C12C03 /* TestAPPUITests.swift in Sources */,
			);
			runOnlyForDeploymentPostprocessing = 0;
		};
/* End PBXSourcesBuildPhase section */

/* Begin PBXTargetDependency section */
		C3F7F7E51F4EE24B00C12C03 /* PBXTargetDependency */ = {
			isa = PBXTargetDependency;
			target = C3F7F7D11F4EE24B00C12C03 /* TestAPP */;
			targetProxy = C3F7F7E41F4EE24B00C12C03 /* PBXContainerItemProxy */;
		};
		C3F7F7F01F4EE24B00C12C03 /* PBXTargetDependency */ = {
			isa = PBXTargetDependency;
			target = C3F7F7D11F4EE24B00C12C03 /* TestAPP */;
			targetProxy = C3F7F7EF1F4EE24B00C12C03 /* PBXContainerItemProxy */;
		};
/* End PBXTargetDependency section */

/* Begin PBXVariantGroup section */
		C3F7F7DB1F4EE24B00C12C03 /* Main.storyboard */ = {
			isa = PBXVariantGroup;
			children = (
				C3F7F7DC1F4EE24B00C12C03 /* Base */,
			);
			name = Main.storyboard;
			sourceTree = "<group>";
		};
/* End PBXVariantGroup section */

/* Begin XCBuildConfiguration section */
		C3F7F7F51F4EE24B00C12C03 /* Debug */ = {
			isa = XCBuildConfiguration;
			buildSettings = {
				ALWAYS_SEARCH_USER_PATHS = NO;
				CLANG_ANALYZER_NONNULL = YES;
				CLANG_ANALYZER_NUMBER_OBJECT_CONVERSION = YES_AGGRESSIVE;
				CLANG_CXX_LANGUAGE_STANDARD = "gnu++0x";
				CLANG_CXX_LIBRARY = "libc++";
				CLANG_ENABLE_MODULES = YES;
				CLANG_ENABLE_OBJC_ARC = YES;
				CLANG_WARN_BOOL_CONVERSION = YES;
				CLANG_WARN_CONSTANT_CONVERSION = YES;
				CLANG_WARN_DIRECT_OBJC_ISA_USAGE = YES_ERROR;
				CLANG_WARN_DOCUMENTATION_COMMENTS = YES;
				CLANG_WARN_EMPTY_BODY = YES;
				CLANG_WARN_ENUM_CONVERSION = YES;
				CLANG_WARN_INFINITE_RECURSION = YES;
				CLANG_WARN_INT_CONVERSION = YES;
				CLANG_WARN_OBJC_ROOT_CLASS = YES_ERROR;
				CLANG_WARN_SUSPICIOUS_MOVE = YES;
				CLANG_WARN_UNREACHABLE_CODE = YES;
				CLANG_WARN__DUPLICATE_METHOD_MATCH = YES;
				CODE_SIGN_IDENTITY = "-";
				COPY_PHASE_STRIP = NO;
				DEBUG_INFORMATION_FORMAT = dwarf;
				ENABLE_STRICT_OBJC_MSGSEND = YES;
				ENABLE_TESTABILITY = YES;
				GCC_C_LANGUAGE_STANDARD = gnu99;
				GCC_DYNAMIC_NO_PIC = NO;
				GCC_NO_COMMON_BLOCKS = YES;
				GCC_OPTIMIZATION_LEVEL = 0;
				GCC_PREPROCESSOR_DEFINITIONS = (
					"DEBUG=1",
					"$(inherited)",
				);
				GCC_WARN_64_TO_32_BIT_CONVERSION = YES;
				GCC_WARN_ABOUT_RETURN_TYPE = YES_ERROR;
				GCC_WARN_UNDECLARED_SELECTOR = YES;
				GCC_WARN_UNINITIALIZED_AUTOS = YES_AGGRESSIVE;
				GCC_WARN_UNUSED_FUNCTION = YES;
				GCC_WARN_UNUSED_VARIABLE = YES;
				MACOSX_DEPLOYMENT_TARGET = 10.12;
				MTL_ENABLE_DEBUG_INFO = YES;
				ONLY_ACTIVE_ARCH = YES;
				SDKROOT = macosx;
				SWIFT_ACTIVE_COMPILATION_CONDITIONS = DEBUG;
				SWIFT_OPTIMIZATION_LEVEL = "-Onone";
			};
			name = Debug;
		};
		C3F7F7F61F4EE24B00C12C03 /* Release */ = {
			isa = XCBuildConfiguration;
			buildSettings = {
				ALWAYS_SEARCH_USER_PATHS = NO;
				CLANG_ANALYZER_NONNULL = YES;
				CLANG_ANALYZER_NUMBER_OBJECT_CONVERSION = YES_AGGRESSIVE;
				CLANG_CXX_LANGUAGE_STANDARD = "gnu++0x";
				CLANG_CXX_LIBRARY = "libc++";
				CLANG_ENABLE_MODULES = YES;
				CLANG_ENABLE_OBJC_ARC = YES;
				CLANG_WARN_BOOL_CONVERSION = YES;
				CLANG_WARN_CONSTANT_CONVERSION = YES;
				CLANG_WARN_DIRECT_OBJC_ISA_USAGE = YES_ERROR;
				CLANG_WARN_DOCUMENTATION_COMMENTS = YES;
				CLANG_WARN_EMPTY_BODY = YES;
				CLANG_WARN_ENUM_CONVERSION = YES;
				CLANG_WARN_INFINITE_RECURSION = YES;
				CLANG_WARN_INT_CONVERSION = YES;
				CLANG_WARN_OBJC_ROOT_CLASS = YES_ERROR;
				CLANG_WARN_SUSPICIOUS_MOVE = YES;
				CLANG_WARN_UNREACHABLE_CODE = YES;
				CLANG_WARN__DUPLICATE_METHOD_MATCH = YES;
				CODE_SIGN_IDENTITY = "-";
				COPY_PHASE_STRIP = NO;
				DEBUG_INFORMATION_FORMAT = "dwarf-with-dsym";
				ENABLE_NS_ASSERTIONS = NO;
				ENABLE_STRICT_OBJC_MSGSEND = YES;
				GCC_C_LANGUAGE_STANDARD = gnu99;
				GCC_NO_COMMON_BLOCKS = YES;
				GCC_WARN_64_TO_32_BIT_CONVERSION = YES;
				GCC_WARN_ABOUT_RETURN_TYPE = YES_ERROR;
				GCC_WARN_UNDECLARED_SELECTOR = YES;
				GCC_WARN_UNINITIALIZED_AUTOS = YES_AGGRESSIVE;
				GCC_WARN_UNUSED_FUNCTION = YES;
				GCC_WARN_UNUSED_VARIABLE = YES;
				MACOSX_DEPLOYMENT_TARGET = 10.12;
				MTL_ENABLE_DEBUG_INFO = NO;
				SDKROOT = macosx;
				SWIFT_OPTIMIZATION_LEVEL = "-Owholemodule";
			};
			name = Release;
		};
		C3F7F7F81F4EE24B00C12C03 /* Debug */ = {
			isa = XCBuildConfiguration;
			buildSettings = {
				ASSETCATALOG_COMPILER_APPICON_NAME = AppIcon;
				COMBINE_HIDPI_IMAGES = YES;
				DEVELOPMENT_TEAM = P3922CJGWW;
				INFOPLIST_FILE = TestAPP/Info.plist;
				LD_RUNPATH_SEARCH_PATHS = "$(inherited) @executable_path/../Frameworks";
				PRODUCT_BUNDLE_IDENTIFIER = com.somnic.demo.scene.TestAPP;
				PRODUCT_NAME = "$(TARGET_NAME)";
				SWIFT_VERSION = 3.0;
			};
			name = Debug;
		};
		C3F7F7F91F4EE24B00C12C03 /* Release */ = {
			isa = XCBuildConfiguration;
			buildSettings = {
				ASSETCATALOG_COMPILER_APPICON_NAME = AppIcon;
				COMBINE_HIDPI_IMAGES = YES;
				DEVELOPMENT_TEAM = P3922CJGWW;
				INFOPLIST_FILE = TestAPP/Info.plist;
				LD_RUNPATH_SEARCH_PATHS = "$(inherited) @executable_path/../Frameworks";
				PRODUCT_BUNDLE_IDENTIFIER = com.somnic.demo.scene.TestAPP;
				PRODUCT_NAME = "$(TARGET_NAME)";
				SWIFT_VERSION = 3.0;
			};
			name = Release;
		};
		C3F7F7FB1F4EE24B00C12C03 /* Debug */ = {
			isa = XCBuildConfiguration;
			buildSettings = {
				ALWAYS_EMBED_SWIFT_STANDARD_LIBRARIES = YES;
				BUNDLE_LOADER = "$(TEST_HOST)";
				CLANG_ENABLE_MODULES = YES;
				COMBINE_HIDPI_IMAGES = YES;
				DEVELOPMENT_TEAM = P3922CJGWW;
				INFOPLIST_FILE = TestAPPTests/Info.plist;
				LD_RUNPATH_SEARCH_PATHS = "$(inherited) @executable_path/../Frameworks @loader_path/../Frameworks";
				PRODUCT_BUNDLE_IDENTIFIER = com.somnic.demo.scene.TestAPPTests;
				PRODUCT_NAME = "$(TARGET_NAME)";
				SWIFT_OPTIMIZATION_LEVEL = "-Onone";
				SWIFT_VERSION = 3.0;
				TEST_HOST = "$(BUILT_PRODUCTS_DIR)/TestAPP.app/Contents/MacOS/TestAPP";
			};
			name = Debug;
		};
		C3F7F7FC1F4EE24B00C12C03 /* Release */ = {
			isa = XCBuildConfiguration;
			buildSettings = {
				ALWAYS_EMBED_SWIFT_STANDARD_LIBRARIES = YES;
				BUNDLE_LOADER = "$(TEST_HOST)";
				CLANG_ENABLE_MODULES = YES;
				COMBINE_HIDPI_IMAGES = YES;
				DEVELOPMENT_TEAM = P3922CJGWW;
				INFOPLIST_FILE = TestAPPTests/Info.plist;
				LD_RUNPATH_SEARCH_PATHS = "$(inherited) @executable_path/../Frameworks @loader_path/../Frameworks";
				PRODUCT_BUNDLE_IDENTIFIER = com.somnic.demo.scene.TestAPPTests;
				PRODUCT_NAME = "$(TARGET_NAME)";
				SWIFT_VERSION = 3.0;
				TEST_HOST = "$(BUILT_PRODUCTS_DIR)/TestAPP.app/Contents/MacOS/TestAPP";
			};
			name = Release;
		};
		C3F7F7FE1F4EE24B00C12C03 /* Debug */ = {
			isa = XCBuildConfiguration;
			buildSettings = {
				ALWAYS_EMBED_SWIFT_STANDARD_LIBRARIES = YES;
				COMBINE_HIDPI_IMAGES = YES;
				DEVELOPMENT_TEAM = P3922CJGWW;
				INFOPLIST_FILE = TestAPPUITests/Info.plist;
				LD_RUNPATH_SEARCH_PATHS = "$(inherited) @executable_path/../Frameworks @loader_path/../Frameworks";
				PRODUCT_BUNDLE_IDENTIFIER = com.somnic.demo.scene.TestAPPUITests;
				PRODUCT_NAME = "$(TARGET_NAME)";
				SWIFT_VERSION = 3.0;
				TEST_TARGET_NAME = TestAPP;
			};
			name = Debug;
		};
		C3F7F7FF1F4EE24B00C12C03 /* Release */ = {
			isa = XCBuildConfiguration;
			buildSettings = {
				ALWAYS_EMBED_SWIFT_STANDARD_LIBRARIES = YES;
				COMBINE_HIDPI_IMAGES = YES;
				DEVELOPMENT_TEAM = P3922CJGWW;
				INFOPLIST_FILE = TestAPPUITests/Info.plist;
				LD_RUNPATH_SEARCH_PATHS = "$(inherited) @executable_path/../Frameworks @loader_path/../Frameworks";
				PRODUCT_BUNDLE_IDENTIFIER = com.somnic.demo.scene.TestAPPUITests;
				PRODUCT_NAME = "$(TARGET_NAME)";
				SWIFT_VERSION = 3.0;
				TEST_TARGET_NAME = TestAPP;
			};
			name = Release;
		};
/* End XCBuildConfiguration section */

/* Begin XCConfigurationList section */
		C3F7F7CD1F4EE24B00C12C03 /* Build configuration list for PBXProject "TestAPP" */ = {
			isa = XCConfigurationList;
			buildConfigurations = (
				C3F7F7F51F4EE24B00C12C03 /* Debug */,
				C3F7F7F61F4EE24B00C12C03 /* Release */,
			);
			defaultConfigurationIsVisible = 0;
			defaultConfigurationName = Release;
		};
		C3F7F7F71F4EE24B00C12C03 /* Build configuration list for PBXNativeTarget "TestAPP" */ = {
			isa = XCConfigurationList;
			buildConfigurations = (
				C3F7F7F81F4EE24B00C12C03 /* Debug */,
				C3F7F7F91F4EE24B00C12C03 /* Release */,
			);
			defaultConfigurationIsVisible = 0;
			defaultConfigurationName = Release;
		};
		C3F7F7FA1F4EE24B00C12C03 /* Build configuration list for PBXNativeTarget "TestAPPTests" */ = {
			isa = XCConfigurationList;
			buildConfigurations = (
				C3F7F7FB1F4EE24B00C12C03 /* Debug */,
				C3F7F7FC1F4EE24B00C12C03 /* Release */,
			);
			defaultConfigurationIsVisible = 0;
			defaultConfigurationName = Release;
		};
		C3F7F7FD1F4EE24B00C12C03 /* Build configuration list for PBXNativeTarget "TestAPPUITests" */ = {
			isa = XCConfigurationList;
			buildConfigurations = (
				C3F7F7FE1F4EE24B00C12C03 /* Debug */,
				C3F7F7FF1F4EE24B00C12C03 /* Release */,
			);
			defaultConfigurationIsVisible = 0;
			defaultConfigurationName = Release;
		};
/* End XCConfigurationList section */
	};
	rootObject = C3F7F7CA1F4EE24B00C12C03 /* Project object */;
}
